{
    "_meta": {
        "hash": {
            "sha256": "aae2a7c9d1a48a906e281319474fea66263d1b2d8245934b756b195feed7ae17"
        },
        "pipfile-spec": 6,
        "requires": {
            "python_version": "3.10"
        },
        "sources": [
            {
                "name": "pypi",
                "url": "https://pypi.org/simple",
                "verify_ssl": true
            }
        ]
    },
    "default": {
        "blessed": {
            "hashes": [
                "sha256:0c542922586a265e699188e52d5f5ac5ec0dd517e5a1041d90d2bbf23f906058",
                "sha256:2cdd67f8746e048f00df47a2880f4d6acbcdb399031b604e34ba8f71d5787680"
            ],
            "markers": "python_version >= '2.7'",
            "version": "==1.20.0"
        },
        "geographiclib": {
            "hashes": [
                "sha256:6b7225248e45ff7edcee32becc4e0a1504c606ac5ee163a5656d482e0cd38734",
                "sha256:f7f41c85dc3e1c2d3d935ec86660dc3b2c848c83e17f9a9e51ba9d5146a15859"
            ],
            "markers": "python_version >= '3.7'",
            "version": "==2.0"
        },
        "geopy": {
            "hashes": [
                "sha256:a59392bf17adb486b25dbdd71fbed27733bdf24a2dac588047a619de56695e36",
                "sha256:d2639a46d0ce4c091e9688b750ba94348a14b898a1e55c68f4b4a07e7d1afa20"
            ],
            "index": "pypi",
            "markers": "python_version >= '3.7'",
            "version": "==2.4.0"
        },
        "inquirer": {
            "hashes": [
                "sha256:a7441fd74d06fcac4385218a1f5e8703f7a113f7944e01af47b8c58e84f95ce5",
                "sha256:aac309406f5b49d4b8ab7c6872117f43bf082a552dc256aa16bc95e16bb58bec"
            ],
            "index": "pypi",
            "markers": "python_version >= '3.8'",
            "version": "==3.1.3"
        },
        "python-editor": {
            "hashes": [
                "sha256:1bf6e860a8ad52a14c3ee1252d5dc25b2030618ed80c022598f00176adc8367d",
                "sha256:51fda6bcc5ddbbb7063b2af7509e43bd84bfc32a4ff71349ec7847713882327b",
                "sha256:5f98b069316ea1c2ed3f67e7f5df6c0d8f10b689964a4a811ff64f0106819ec8",
                "sha256:c3da2053dbab6b29c94e43c486ff67206eafbe7eb52dbec7390b5e2fb05aac77",
                "sha256:ea87e17f6ec459e780e4221f295411462e0d0810858e055fc514684350a2f522"
            ],
            "version": "==1.0.4"
        },
        "readchar": {
            "hashes": [
                "sha256:08a456c2d7c1888cde3f4688b542621b676eb38cd6cfed7eb6cb2e2905ddc826",
                "sha256:76ec784a5dd2afac3b7da8003329834cdd9824294c260027f8c8d2e4d0a78f43"
            ],
            "markers": "python_version >= '3.7'",
            "version": "==4.0.5"
        },
        "setuptools": {
            "hashes": [
                "sha256:6875bbd06382d857b1b90cd07cee6a2df701a164f241095706b5192bc56c5c62",
                "sha256:f25195d54deb649832182d6455bffba7ac3d8fe71d35185e738d2198a4310044"
            ],
            "markers": "python_version >= '3.8'",
            "version": "==69.0.1"
        },
        "simple-chalk": {
            "hashes": [
                "sha256:d80f55993dfa040c1b55d2fbfb925e4fbb5798c2934601aa448ef4a192d84196"
            ],
            "index": "pypi",
            "markers": "python_version >= '3.6'",
            "version": "==0.1.0"
        },
        "six": {
            "hashes": [
                "sha256:1e61c37477a1626458e36f7b1d82aa5c9b094fa4802892072e49de9c60c4c926",
                "sha256:8abb2f1d86890a2dfb989f9a77cfcfd3e47c2a354b01111771326f8aa26e0254"
            ],
            "markers": "python_version >= '2.7' and python_version not in '3.0, 3.1, 3.2, 3.3'",
            "version": "==1.16.0"
        },
        "wcwidth": {
            "hashes": [
                "sha256:25eb3ecbec328cdb945f56f2a7cfe784bdf7a73a8197398c7a7c65e7fe93e9ae",
                "sha256:c4b153acf29f1f0d7fb1b00d097cce82b73de7a2016321c8d7ca71bd76dd848b"
            ],
            "version": "==0.2.11"
        }
    },
    "develop": {}
}
